Microsoft Visual Studio Solution File, Format Version 12.00
# Visual Studio Version 17
VisualStudioVersion = 17.5.2.0
MinimumVisualStudioVersion = 10.0.40219.1
Project("{FAE04EC0-301F-11D3-BF4B-00C04F79EFBC}") = "CustomNotepad", "CustomNotepad.csproj", "{D5AE59F8-1F08-05E7-8C4B-ABFB4DFC6D2D}"
EndProject
Global
	GlobalSection(SolutionConfigurationPlatforms) = preSolution
		Debug|Any CPU = Debug|Any CPU
		Release|Any CPU = Release|Any CPU
	EndGlobalSection
	GlobalSection(ProjectConfigurationPlatforms) = postSolution
		{D5AE59F8-1F08-05E7-8C4B-ABFB4DFC6D2D}.Debug|Any CPU.ActiveCfg = Debug|Any CPU
		{D5AE59F8-1F08-05E7-8C4B-ABFB4DFC6D2D}.Debug|Any CPU.Build.0 = Debug|Any CPU
		{D5AE59F8-1F08-05E7-8C4B-ABFB4DFC6D2D}.Release|Any CPU.ActiveCfg = Release|Any CPU
		{D5AE59F8-1F08-05E7-8C4B-ABFB4DFC6D2D}.Release|Any CPU.Build.0 = Release|Any CPU
	EndGlobalSection
	GlobalSection(SolutionProperties) = preSolution
		HideSolutionNode = FALSE
	EndGlobalSection
	GlobalSection(ExtensibilityGlobals) = postSolution
		SolutionGuid = {A51522D9-E6A7-4662-8E48-E47B6544B05B}
	EndGlobalSection
EndGlobal
